
Microsoft Visual Studio Solution File, Format Version 12.00
# Visual Studio Version 16
VisualStudioVersion = 16.0.30611.23
MinimumVisualStudioVersion = 10.0.40219.1
Project("{2150E333-8FDC-42A3-9474-1A3956D46DE8}") = "1 DL", "1 DL", "{3EAF2044-FD53-4720-9634-0CE9B442CF7B}"
EndProject
Project("{2150E333-8FDC-42A3-9474-1A3956D46DE8}") = "2 BL", "2 BL", "{4D8E04BE-35B1-492D-9077-90284FEA8E3A}"
EndProject
Project("{2150E333-8FDC-42A3-9474-1A3956D46DE8}") = "3 PL", "3 PL", "{040486C5-1921-4FC6-8BE0-87489AAC0CB9}"
EndProject
Project("{2150E333-8FDC-42A3-9474-1A3956D46DE8}") = "Project", "Project", "{2C7212D1-F124-4919-AE9E-42E7C7BE5D84}"
EndProject
Project("{FAE04EC0-301F-11D3-BF4B-00C04F79EFBC}") = "BL", "BL\BL.csproj", "{ABF83DB6-C230-46C0-933A-EBFC3404715F}"
EndProject
Project("{FAE04EC0-301F-11D3-BF4B-00C04F79EFBC}") = "DLXML", "DLXML\DLXML.csproj", "{CC42F1D3-9301-4DA8-AD15-25B3E7C7265E}"
EndProject
Project("{FAE04EC0-301F-11D3-BF4B-00C04F79EFBC}") = "DLAPI", "DLAPI\DLAPI.csproj", "{BDC5BB3F-8451-4D2D-9AA0-DBA0E8291CAA}"
EndProject
Project("{FAE04EC0-301F-11D3-BF4B-00C04F79EFBC}") = "PLGUI", "PLGUI\PLGUI.csproj", "{99ED420B-71F9-471B-B13B-ED5BB159A3ED}"
EndProject
Global
	GlobalSection(SolutionConfigurationPlatforms) = preSolution
		Debug|Any CPU = Debug|Any CPU
		Release|Any CPU = Release|Any CPU
	EndGlobalSection
	GlobalSection(ProjectConfigurationPlatforms) = postSolution
		{ABF83DB6-C230-46C0-933A-EBFC3404715F}.Debug|Any CPU.ActiveCfg = Debug|Any CPU
		{ABF83DB6-C230-46C0-933A-EBFC3404715F}.Debug|Any CPU.Build.0 = Debug|Any CPU
		{ABF83DB6-C230-46C0-933A-EBFC3404715F}.Release|Any CPU.ActiveCfg = Release|Any CPU
		{ABF83DB6-C230-46C0-933A-EBFC3404715F}.Release|Any CPU.Build.0 = Release|Any CPU
		{CC42F1D3-9301-4DA8-AD15-25B3E7C7265E}.Debug|Any CPU.ActiveCfg = Debug|Any CPU
		{CC42F1D3-9301-4DA8-AD15-25B3E7C7265E}.Debug|Any CPU.Build.0 = Debug|Any CPU
		{CC42F1D3-9301-4DA8-AD15-25B3E7C7265E}.Release|Any CPU.ActiveCfg = Release|Any CPU
		{CC42F1D3-9301-4DA8-AD15-25B3E7C7265E}.Release|Any CPU.Build.0 = Release|Any CPU
		{BDC5BB3F-8451-4D2D-9AA0-DBA0E8291CAA}.Debug|Any CPU.ActiveCfg = Debug|Any CPU
		{BDC5BB3F-8451-4D2D-9AA0-DBA0E8291CAA}.Debug|Any CPU.Build.0 = Debug|Any CPU
		{BDC5BB3F-8451-4D2D-9AA0-DBA0E8291CAA}.Release|Any CPU.ActiveCfg = Release|Any CPU
		{BDC5BB3F-8451-4D2D-9AA0-DBA0E8291CAA}.Release|Any CPU.Build.0 = Release|Any CPU
		{99ED420B-71F9-471B-B13B-ED5BB159A3ED}.Debug|Any CPU.ActiveCfg = Debug|Any CPU
		{99ED420B-71F9-471B-B13B-ED5BB159A3ED}.Debug|Any CPU.Build.0 = Debug|Any CPU
		{99ED420B-71F9-471B-B13B-ED5BB159A3ED}.Release|Any CPU.ActiveCfg = Release|Any CPU
		{99ED420B-71F9-471B-B13B-ED5BB159A3ED}.Release|Any CPU.Build.0 = Release|Any CPU
	EndGlobalSection
	GlobalSection(SolutionProperties) = preSolution
		HideSolutionNode = FALSE
	EndGlobalSection
	GlobalSection(NestedProjects) = preSolution
		{3EAF2044-FD53-4720-9634-0CE9B442CF7B} = {2C7212D1-F124-4919-AE9E-42E7C7BE5D84}
		{4D8E04BE-35B1-492D-9077-90284FEA8E3A} = {2C7212D1-F124-4919-AE9E-42E7C7BE5D84}
		{040486C5-1921-4FC6-8BE0-87489AAC0CB9} = {2C7212D1-F124-4919-AE9E-42E7C7BE5D84}
		{ABF83DB6-C230-46C0-933A-EBFC3404715F} = {4D8E04BE-35B1-492D-9077-90284FEA8E3A}
		{CC42F1D3-9301-4DA8-AD15-25B3E7C7265E} = {3EAF2044-FD53-4720-9634-0CE9B442CF7B}
		{BDC5BB3F-8451-4D2D-9AA0-DBA0E8291CAA} = {3EAF2044-FD53-4720-9634-0CE9B442CF7B}
		{99ED420B-71F9-471B-B13B-ED5BB159A3ED} = {040486C5-1921-4FC6-8BE0-87489AAC0CB9}
	EndGlobalSection
	GlobalSection(ExtensibilityGlobals) = postSolution
		SolutionGuid = {32F7F9E8-7430-40C9-A44B-46222EC49D54}
	EndGlobalSection
EndGlobal
